// !$*UTF8*$!
{
	archiveVersion = 1;
	classes = {
	};
	objectVersion = 46;
	objects = {

/* Begin PBXBuildFile section */
		7B1429FE17CCA580007D0DBC /* ProtoNetDiscoveryService.mm in Sources */ = {isa = PBXBuildFile; fileRef = 7B1429FD17CCA580007D0DBC /* ProtoNetDiscoveryService.mm */; };
		7B39729A17C5F6BE00BA6F99 /* ProtoNetHandler.mm in Sources */ = {isa = PBXBuildFile; fileRef = 7B39729917C5F6BE00BA6F99 /* ProtoNetHandler.mm */; };
		7B97638717C533F400396C37 /* ProtoNetDiscovery.mm in Sources */ = {isa = PBXBuildFile; fileRef = 7BF67B3017C520F100E3C70D /* ProtoNetDiscovery.mm */; };
		7B97638817C533FA00396C37 /* ProtoNetSocket.mm in Sources */ = {isa = PBXBuildFile; fileRef = 7BF67B2E17C520F100E3C70D /* ProtoNetSocket.mm */; };
		7BD5821917C5209400D41E93 /* Foundation.framework in Frameworks */ = {isa = PBXBuildFile; fileRef = 7BD5821817C5209300D41E93 /* Foundation.framework */; };
		996347A61EBC45BDB666D7CB /* libPods.a in Frameworks */ = {isa = PBXBuildFile; fileRef = 2FD2D1D3B1944145AD38F751 /* libPods.a */; };
/* End PBXBuildFile section */

/* Begin PBXCopyFilesBuildPhase section */
		7BD5821317C5209300D41E93 /* CopyFiles */ = {
			isa = PBXCopyFilesBuildPhase;
			buildActionMask = 2147483647;
			dstPath = "include/${PRODUCT_NAME}";
			dstSubfolderSpec = 16;
			files = (
			);
			runOnlyForDeploymentPostprocessing = 0;
		};
/* End PBXCopyFilesBuildPhase section */

/* Begin PBXFileReference section */
		2FD2D1D3B1944145AD38F751 /* libPods.a */ = {isa = PBXFileReference; explicitFileType = archive.ar; includeInIndex = 0; path = libPods.a; sourceTree = BUILT_PRODUCTS_DIR; };
		56C968DF936E4EC1AAD0928C /* Pods.xcconfig */ = {isa = PBXFileReference; includeInIndex = 1; lastKnownFileType = text.xcconfig; name = Pods.xcconfig; path = Pods/Pods.xcconfig; sourceTree = SOURCE_ROOT; };
		7B1429FD17CCA580007D0DBC /* ProtoNetDiscoveryService.mm */ = {isa = PBXFileReference; fileEncoding = 4; lastKnownFileType = sourcecode.cpp.objcpp; path = ProtoNetDiscoveryService.mm; sourceTree = "<group>"; };
		7B39729817C5F6BE00BA6F99 /* ProtoNetHandler.h */ = {isa = PBXFileReference; fileEncoding = 4; lastKnownFileType = sourcecode.c.h; path = ProtoNetHandler.h; sourceTree = "<group>"; };
		7B39729917C5F6BE00BA6F99 /* ProtoNetHandler.mm */ = {isa = PBXFileReference; fileEncoding = 4; lastKnownFileType = sourcecode.cpp.objcpp; path = ProtoNetHandler.mm; sourceTree = "<group>"; };
		7B5F1C3A17CCA37A00F9B71C /* ProtoNetDiscoveryService.h */ = {isa = PBXFileReference; fileEncoding = 4; lastKnownFileType = sourcecode.c.h; path = ProtoNetDiscoveryService.h; sourceTree = "<group>"; };
		7B69C23517C6056300BD285B /* ProtoNetDiscoveryDelegate.h */ = {isa = PBXFileReference; lastKnownFileType = sourcecode.c.h; path = ProtoNetDiscoveryDelegate.h; sourceTree = "<group>"; };
		7BD5821517C5209300D41E93 /* libprotonet-objc.a */ = {isa = PBXFileReference; explicitFileType = archive.ar; includeInIndex = 0; path = "libprotonet-objc.a"; sourceTree = BUILT_PRODUCTS_DIR; };
		7BD5821817C5209300D41E93 /* Foundation.framework */ = {isa = PBXFileReference; lastKnownFileType = wrapper.framework; name = Foundation.framework; path = System/Library/Frameworks/Foundation.framework; sourceTree = SDKROOT; };
		7BD5821C17C5209400D41E93 /* protonet-objc-Prefix.pch */ = {isa = PBXFileReference; lastKnownFileType = sourcecode.c.h; path = "protonet-objc-Prefix.pch"; sourceTree = "<group>"; };
		7BE0F7F017C606A300E086E8 /* ProtoNetHandlerDelegate.h */ = {isa = PBXFileReference; fileEncoding = 4; lastKnownFileType = sourcecode.c.h; path = ProtoNetHandlerDelegate.h; sourceTree = "<group>"; };
		7BF67B2D17C520F100E3C70D /* ProtoNetSocket.h */ = {isa = PBXFileReference; lastKnownFileType = sourcecode.c.h; path = ProtoNetSocket.h; sourceTree = "<group>"; };
		7BF67B2E17C520F100E3C70D /* ProtoNetSocket.mm */ = {isa = PBXFileReference; lastKnownFileType = sourcecode.cpp.objcpp; path = ProtoNetSocket.mm; sourceTree = "<group>"; };
		7BF67B2F17C520F100E3C70D /* ProtoNetDiscovery.h */ = {isa = PBXFileReference; lastKnownFileType = sourcecode.c.h; path = ProtoNetDiscovery.h; sourceTree = "<group>"; };
		7BF67B3017C520F100E3C70D /* ProtoNetDiscovery.mm */ = {isa = PBXFileReference; lastKnownFileType = sourcecode.cpp.objcpp; path = ProtoNetDiscovery.mm; sourceTree = "<group>"; };
		7BF67B3317C5235000E3C70D /* ProtoNetSocketDelegate.h */ = {isa = PBXFileReference; lastKnownFileType = sourcecode.c.h; path = ProtoNetSocketDelegate.h; sourceTree = "<group>"; };
/* End PBXFileReference section */

/* Begin PBXFrameworksBuildPhase section */
		7BD5821217C5209300D41E93 /* Frameworks */ = {
			isa = PBXFrameworksBuildPhase;
			buildActionMask = 2147483647;
			files = (
				7BD5821917C5209400D41E93 /* Foundation.framework in Frameworks */,
				996347A61EBC45BDB666D7CB /* libPods.a in Frameworks */,
			);
			runOnlyForDeploymentPostprocessing = 0;
		};
/* End PBXFrameworksBuildPhase section */

/* Begin PBXGroup section */
		7BD5820C17C5209300D41E93 = {
			isa = PBXGroup;
			children = (
				7BD5821A17C5209400D41E93 /* protonet-objc */,
				7BD5821717C5209300D41E93 /* Frameworks */,
				7BD5821617C5209300D41E93 /* Products */,
				56C968DF936E4EC1AAD0928C /* Pods.xcconfig */,
			);
			sourceTree = "<group>";
		};
		7BD5821617C5209300D41E93 /* Products */ = {
			isa = PBXGroup;
			children = (
				7BD5821517C5209300D41E93 /* libprotonet-objc.a */,
			);
			name = Products;
			sourceTree = "<group>";
		};
		7BD5821717C5209300D41E93 /* Frameworks */ = {
			isa = PBXGroup;
			children = (
				7BD5821817C5209300D41E93 /* Foundation.framework */,
				2FD2D1D3B1944145AD38F751 /* libPods.a */,
			);
			name = Frameworks;
			sourceTree = "<group>";
		};
		7BD5821A17C5209400D41E93 /* protonet-objc */ = {
			isa = PBXGroup;
			children = (
				7BF67B2F17C520F100E3C70D /* ProtoNetDiscovery.h */,
				7BF67B3017C520F100E3C70D /* ProtoNetDiscovery.mm */,
				7B69C23517C6056300BD285B /* ProtoNetDiscoveryDelegate.h */,
				7B5F1C3A17CCA37A00F9B71C /* ProtoNetDiscoveryService.h */,
				7B1429FD17CCA580007D0DBC /* ProtoNetDiscoveryService.mm */,
				7BF67B2D17C520F100E3C70D /* ProtoNetSocket.h */,
				7BF67B2E17C520F100E3C70D /* ProtoNetSocket.mm */,
				7BF67B3317C5235000E3C70D /* ProtoNetSocketDelegate.h */,
				7B39729817C5F6BE00BA6F99 /* ProtoNetHandler.h */,
				7B39729917C5F6BE00BA6F99 /* ProtoNetHandler.mm */,
				7BE0F7F017C606A300E086E8 /* ProtoNetHandlerDelegate.h */,
				7BD5821B17C5209400D41E93 /* Supporting Files */,
			);
			path = "protonet-objc";
			sourceTree = "<group>";
		};
		7BD5821B17C5209400D41E93 /* Supporting Files */ = {
			isa = PBXGroup;
			children = (
				7BD5821C17C5209400D41E93 /* protonet-objc-Prefix.pch */,
			);
			name = "Supporting Files";
			sourceTree = "<group>";
		};
/* End PBXGroup section */

/* Begin PBXNativeTarget section */
		7BD5821417C5209300D41E93 /* protonet-objc */ = {
			isa = PBXNativeTarget;
			buildConfigurationList = 7BD5822317C5209400D41E93 /* Build configuration list for PBXNativeTarget "protonet-objc" */;
			buildPhases = (
				A78C9716993342788BCC7FBB /* Check Pods Manifest.lock */,
				7BD5821117C5209300D41E93 /* Sources */,
				7BD5821217C5209300D41E93 /* Frameworks */,
				7BD5821317C5209300D41E93 /* CopyFiles */,
				FC3B68E59CE64B0E9F561932 /* Copy Pods Resources */,
			);
			buildRules = (
			);
			dependencies = (
			);
			name = "protonet-objc";
			productName = "protonet-objc";
			productReference = 7BD5821517C5209300D41E93 /* libprotonet-objc.a */;
			productType = "com.apple.product-type.library.static";
		};
/* End PBXNativeTarget section */

/* Begin PBXProject section */
		7BD5820D17C5209300D41E93 /* Project object */ = {
			isa = PBXProject;
			attributes = {
				LastUpgradeCheck = 0460;
				ORGANIZATIONNAME = "Alexey Kuznetsov";
			};
			buildConfigurationList = 7BD5821017C5209300D41E93 /* Build configuration list for PBXProject "protonet-objc" */;
			compatibilityVersion = "Xcode 3.2";
			developmentRegion = English;
			hasScannedForEncodings = 0;
			knownRegions = (
				en,
			);
			mainGroup = 7BD5820C17C5209300D41E93;
			productRefGroup = 7BD5821617C5209300D41E93 /* Products */;
			projectDirPath = "";
			projectRoot = "";
			targets = (
				7BD5821417C5209300D41E93 /* protonet-objc */,
			);
		};
/* End PBXProject section */

/* Begin PBXShellScriptBuildPhase section */
		A78C9716993342788BCC7FBB /* Check Pods Manifest.lock */ = {
			isa = PBXShellScriptBuildPhase;
			buildActionMask = 2147483647;
			files = (
			);
			inputPaths = (
			);
			name = "Check Pods Manifest.lock";
			outputPaths = (
			);
			runOnlyForDeploymentPostprocessing = 0;
			shellPath = /bin/sh;
			shellScript = "diff \"${PODS_ROOT}/../Podfile.lock\" \"${PODS_ROOT}/Manifest.lock\" > /dev/null\nif [[ $? != 0 ]] ; then\n    cat << EOM\nerror: The sandbox is not in sync with the Podfile.lock. Run 'pod install' or update your CocoaPods installation.\nEOM\n    exit 1\nfi\n";
			showEnvVarsInLog = 0;
		};
		FC3B68E59CE64B0E9F561932 /* Copy Pods Resources */ = {
			isa = PBXShellScriptBuildPhase;
			buildActionMask = 2147483647;
			files = (
			);
			inputPaths = (
			);
			name = "Copy Pods Resources";
			outputPaths = (
			);
			runOnlyForDeploymentPostprocessing = 0;
			shellPath = /bin/sh;
			shellScript = "\"${SRCROOT}/Pods/Pods-resources.sh\"\n";
			showEnvVarsInLog = 0;
		};
/* End PBXShellScriptBuildPhase section */

/* Begin PBXSourcesBuildPhase section */
		7BD5821117C5209300D41E93 /* Sources */ = {
			isa = PBXSourcesBuildPhase;
			buildActionMask = 2147483647;
			files = (
				7B97638717C533F400396C37 /* ProtoNetDiscovery.mm in Sources */,
				7B39729A17C5F6BE00BA6F99 /* ProtoNetHandler.mm in Sources */,
				7B97638817C533FA00396C37 /* ProtoNetSocket.mm in Sources */,
				7B1429FE17CCA580007D0DBC /* ProtoNetDiscoveryService.mm in Sources */,
			);
			runOnlyForDeploymentPostprocessing = 0;
		};
/* End PBXSourcesBuildPhase section */

/* Begin XCBuildConfiguration section */
		7BD5822117C5209400D41E93 /* Debug */ = {
			isa = XCBuildConfiguration;
			buildSettings = {
				ALWAYS_SEARCH_USER_PATHS = NO;
				CLANG_CXX_LANGUAGE_STANDARD = "gnu++0x";
				CLANG_CXX_LIBRARY = "libc++";
				CLANG_WARN_CONSTANT_CONVERSION = YES;
				CLANG_WARN_EMPTY_BODY = YES;
				CLANG_WARN_ENUM_CONVERSION = YES;
				CLANG_WARN_INT_CONVERSION = YES;
				CLANG_WARN__DUPLICATE_METHOD_MATCH = YES;
				COPY_PHASE_STRIP = NO;
				GCC_C_LANGUAGE_STANDARD = gnu99;
				GCC_DYNAMIC_NO_PIC = NO;
				GCC_OPTIMIZATION_LEVEL = 0;
				GCC_PREPROCESSOR_DEFINITIONS = (
					"DEBUG=1",
					"$(inherited)",
				);
				GCC_SYMBOLS_PRIVATE_EXTERN = NO;
				GCC_WARN_ABOUT_RETURN_TYPE = YES;
				GCC_WARN_UNINITIALIZED_AUTOS = YES;
				GCC_WARN_UNUSED_VARIABLE = YES;
				IPHONEOS_DEPLOYMENT_TARGET = 6.1;
				ONLY_ACTIVE_ARCH = YES;
				SDKROOT = iphoneos;
			};
			name = Debug;
		};
		7BD5822217C5209400D41E93 /* Release */ = {
			isa = XCBuildConfiguration;
			buildSettings = {
				ALWAYS_SEARCH_USER_PATHS = NO;
				CLANG_CXX_LANGUAGE_STANDARD = "gnu++0x";
				CLANG_CXX_LIBRARY = "libc++";
				CLANG_WARN_CONSTANT_CONVERSION = YES;
				CLANG_WARN_EMPTY_BODY = YES;
				CLANG_WARN_ENUM_CONVERSION = YES;
				CLANG_WARN_INT_CONVERSION = YES;
				CLANG_WARN__DUPLICATE_METHOD_MATCH = YES;
				COPY_PHASE_STRIP = YES;
				GCC_C_LANGUAGE_STANDARD = gnu99;
				GCC_WARN_ABOUT_RETURN_TYPE = YES;
				GCC_WARN_UNINITIALIZED_AUTOS = YES;
				GCC_WARN_UNUSED_VARIABLE = YES;
				IPHONEOS_DEPLOYMENT_TARGET = 6.1;
				SDKROOT = iphoneos;
				VALIDATE_PRODUCT = YES;
			};
			name = Release;
		};
		7BD5822417C5209400D41E93 /* Debug */ = {
			isa = XCBuildConfiguration;
			baseConfigurationReference = 56C968DF936E4EC1AAD0928C /* Pods.xcconfig */;
			buildSettings = {
				DSTROOT = /tmp/protonet_objc.dst;
				GCC_PRECOMPILE_PREFIX_HEADER = YES;
				GCC_PREFIX_HEADER = "protonet-objc/protonet-objc-Prefix.pch";
				HEADER_SEARCH_PATHS = (
					"\"${PODS_ROOT}/Headers\"",
					"\"${PODS_ROOT}/Headers/CocoaAsyncSocket\"",
					"\"${PODS_ROOT}/Headers/protobuf\"",
				);
				LIBRARY_SEARCH_PATHS = (
					"$(inherited)",
					"\"$(SRCROOT)/../../../../Library/Developer/Xcode/DerivedData/protonet-objc-aaxfpoksbpcnincdgqklqvwqibaj/Build/Products/Debug-iphoneos\"",
				);
				OTHER_LDFLAGS = "-ObjC";
				PRODUCT_NAME = "$(TARGET_NAME)";
				SKIP_INSTALL = YES;
			};
			name = Debug;
		};
		7BD5822517C5209400D41E93 /* Release */ = {
			isa = XCBuildConfiguration;
			baseConfigurationReference = 56C968DF936E4EC1AAD0928C /* Pods.xcconfig */;
			buildSettings = {
				DSTROOT = /tmp/protonet_objc.dst;
				GCC_PRECOMPILE_PREFIX_HEADER = YES;
				GCC_PREFIX_HEADER = "protonet-objc/protonet-objc-Prefix.pch";
				HEADER_SEARCH_PATHS = (
					"\"${PODS_ROOT}/Headers\"",
					"\"${PODS_ROOT}/Headers/CocoaAsyncSocket\"",
					"\"${PODS_ROOT}/Headers/protobuf\"",
				);
				LIBRARY_SEARCH_PATHS = (
					"$(inherited)",
					"\"$(SRCROOT)/../../../../Library/Developer/Xcode/DerivedData/protonet-objc-aaxfpoksbpcnincdgqklqvwqibaj/Build/Products/Debug-iphoneos\"",
				);
				OTHER_LDFLAGS = "-ObjC";
				PRODUCT_NAME = "$(TARGET_NAME)";
				SKIP_INSTALL = YES;
			};
			name = Release;
		};
/* End XCBuildConfiguration section */

/* Begin XCConfigurationList section */
		7BD5821017C5209300D41E93 /* Build configuration list for PBXProject "protonet-objc" */ = {
			isa = XCConfigurationList;
			buildConfigurations = (
				7BD5822117C5209400D41E93 /* Debug */,
				7BD5822217C5209400D41E93 /* Release */,
			);
			defaultConfigurationIsVisible = 0;
			defaultConfigurationName = Release;
		};
		7BD5822317C5209400D41E93 /* Build configuration list for PBXNativeTarget "protonet-objc" */ = {
			isa = XCConfigurationList;
			buildConfigurations = (
				7BD5822417C5209400D41E93 /* Debug */,
				7BD5822517C5209400D41E93 /* Release */,
			);
			defaultConfigurationIsVisible = 0;
			defaultConfigurationName = Release;
		};
/* End XCConfigurationList section */
	};
	rootObject = 7BD5820D17C5209300D41E93 /* Project object */;
}
